{
  "version": 4,
  "terraform_version": "1.12.2",
  "serial": 3707,
  "lineage": "4e4199dc-b890-b377-933b-9595b7e43008",
  "outputs": {},
  "resources": [
    {
      "mode": "data",
      "type": "template_file",
      "name": "net_cfg",
      "provider": "provider[\"registry.terraform.io/hashicorp/template\"]",
      "instances": [
        {
          "index_key": "node01",
          "schema_version": 0,
          "attributes": {
            "filename": null,
            "id": "82105679d875b52f00271778342020f1aabc709b70348412efa7c3eaf3b097f6",
            "rendered": "version: 2\nethernets:\n  ens3:\n    dhcp4: false\n    addresses:\n      - 192.168.122.110/24\n    gateway4: 192.168.122.1\n    nameservers:\n      addresses:\n        - 8.8.8.8\n        - 1.1.1.1\n",
            "template": "version: 2\nethernets:\n  ens3:\n    dhcp4: false\n    addresses:\n      - 192.168.122.110/24\n    gateway4: 192.168.122.1\n    nameservers:\n      addresses:\n        - 8.8.8.8\n        - 1.1.1.1\n",
            "vars": null
          },
          "sensitive_attributes": [],
          "identity_schema_version": 0
        },
        {
          "index_key": "node02",
          "schema_version": 0,
          "attributes": {
            "filename": null,
            "id": "2e8edb2860ed94ba9f2d888a0b7f92451441f31234c0da2b30a3e96550613e82",
            "rendered": "version: 2\nethernets:\n  ens3:\n    dhcp4: false\n    addresses:\n      - 192.168.122.120/24\n    gateway4: 192.168.122.1\n    nameservers:\n      addresses:\n        - 8.8.8.8\n        - 1.1.1.1\n",
            "template": "version: 2\nethernets:\n  ens3:\n    dhcp4: false\n    addresses:\n      - 192.168.122.120/24\n    gateway4: 192.168.122.1\n    nameservers:\n      addresses:\n        - 8.8.8.8\n        - 1.1.1.1\n",
            "vars": null
          },
          "sensitive_attributes": [],
          "identity_schema_version": 0
        }
      ]
    },
    {
      "mode": "data",
      "type": "template_file",
      "name": "net_controlplane_cfg",
      "provider": "provider[\"registry.terraform.io/hashicorp/template\"]",
      "instances": [
        {
          "schema_version": 0,
          "attributes": {
            "filename": null,
            "id": "3795dafb6faca9add4557684131869f667e234a41859e1300bac79be358880ae",
            "rendered": "version: 2\nethernets:\n  ens3:\n    dhcp4: false\n    addresses:\n      - 192.168.122.100/24\n    gateway4: 192.168.122.1\n    nameservers:\n      addresses:\n        - 8.8.8.8\n        - 1.1.1.1\n",
            "template": "version: 2\nethernets:\n  ens3:\n    dhcp4: false\n    addresses:\n      - 192.168.122.100/24\n    gateway4: 192.168.122.1\n    nameservers:\n      addresses:\n        - 8.8.8.8\n        - 1.1.1.1\n",
            "vars": null
          },
          "sensitive_attributes": [],
          "identity_schema_version": 0
        }
      ]
    },
    {
      "mode": "data",
      "type": "template_file",
      "name": "net_nfs-server_cfg",
      "provider": "provider[\"registry.terraform.io/hashicorp/template\"]",
      "instances": [
        {
          "schema_version": 0,
          "attributes": {
            "filename": null,
            "id": "20ea497da670e864e35550db0ca8ccc2a90ee6fda03a3846a81fe9ef1730e665",
            "rendered": "version: 2\nethernets:\n  ens3:\n    dhcp4: false\n    addresses:\n      - 192.168.122.130/24\n    gateway4: 192.168.122.1\n    nameservers:\n      addresses:\n        - 8.8.8.8\n        - 1.1.1.1",
            "template": "version: 2\nethernets:\n  ens3:\n    dhcp4: false\n    addresses:\n      - 192.168.122.130/24\n    gateway4: 192.168.122.1\n    nameservers:\n      addresses:\n        - 8.8.8.8\n        - 1.1.1.1",
            "vars": null
          },
          "sensitive_attributes": [],
          "identity_schema_version": 0
        }
      ]
    },
    {
      "mode": "data",
      "type": "template_file",
      "name": "user_data_controlplane",
      "provider": "provider[\"registry.terraform.io/hashicorp/template\"]",
      "instances": [
        {
          "schema_version": 0,
          "attributes": {
            "filename": null,
            "id": "6357b9ff047b177ba88f1ce9427eebbdf856fc44a90cf89e17dfaa4ebfb615ec",
            "rendered": "#cloud-config\n# vim: syntax=yaml\n#\n# ***********************\n# \t---- for more examples look at: ------\n# ---\u003e https://cloudinit.readthedocs.io/en/latest/topics/examples.html\n# ******************************\n#\n# This is the configuration syntax that the write_files module\n# will know how to understand. encoding can be given b64 or gzip or (gz+b64).\n# The content will be decoded accordingly and then written to the path that is\n# provided.\n#\n# Note: Content strings here are truncated for example purposes.\n#ssh_pwauth: True\n#chpasswd:\n#  list: |\n#     ubuntu:Just4Now@Lab\n#  expire: False\nusers:\n  - name: ubuntu\n    shell: /bin/bash\n    sudo: ALL=(ALL) NOPASSWD:ALL\n    groups: sudo\n    lock_passwd: false\n    ssh_authorized_keys:\n      - ssh-rsa AAAAB3NzaC1yc2EAAAADAQABAAABgQDpo88u6mTK+Jh9t8ttjpesj94fh+YHFnCwSUghqN1zJN+WXI51vua0+6hOvpJMA1X9vrDS69A7xljEZCPGlIJf/jZMoPefiNGsZXEkio+J1ifoU4HSUJmnnv3Bcj2E47aAePTORVM94by3zX46DiKZSoW5KG+tTF5MXv28gcl55nJtsJs44lJVo9KTFhG7LUoCwOs4KaYS6r+lBzscj+KyTvvM1VbP4UC2iA0zMaBDCGy7E4EqHFvKshsMYoafPzmhg/coABCzN07uAmqENfjJlV9QYEbL409uTOxwv6U/vF+dyL6Qqlxr8kwFm3fXuO/o9XjKznQz9M/A1YMYC9i+RTqp00YKFnUoxOfOAK89jC1gtAEJXEadqKThdyQZJSFaGU6/xaYJtZ/LKkQ2pxoYutUX+KEQgHrgKtSHxwrPSPjyCu4dHk0XKBaoRP579RF1HTDLJ5NOWUMw5mi8m+P8PLukjqXKYZyJK6JeNCmdNK78WK/r+aRE0IiLGBWfyu0= kube-user@homelab-pc\n\ngrowpart:\n  mode: auto\n  devices: ['/']\n  ignore_growroot_disabled: false\n\nresize_rootfs: true",
            "template": "#cloud-config\n# vim: syntax=yaml\n#\n# ***********************\n# \t---- for more examples look at: ------\n# ---\u003e https://cloudinit.readthedocs.io/en/latest/topics/examples.html\n# ******************************\n#\n# This is the configuration syntax that the write_files module\n# will know how to understand. encoding can be given b64 or gzip or (gz+b64).\n# The content will be decoded accordingly and then written to the path that is\n# provided.\n#\n# Note: Content strings here are truncated for example purposes.\n#ssh_pwauth: True\n#chpasswd:\n#  list: |\n#     ubuntu:Just4Now@Lab\n#  expire: False\nusers:\n  - name: ubuntu\n    shell: /bin/bash\n    sudo: ALL=(ALL) NOPASSWD:ALL\n    groups: sudo\n    lock_passwd: false\n    ssh_authorized_keys:\n      - ssh-rsa AAAAB3NzaC1yc2EAAAADAQABAAABgQDpo88u6mTK+Jh9t8ttjpesj94fh+YHFnCwSUghqN1zJN+WXI51vua0+6hOvpJMA1X9vrDS69A7xljEZCPGlIJf/jZMoPefiNGsZXEkio+J1ifoU4HSUJmnnv3Bcj2E47aAePTORVM94by3zX46DiKZSoW5KG+tTF5MXv28gcl55nJtsJs44lJVo9KTFhG7LUoCwOs4KaYS6r+lBzscj+KyTvvM1VbP4UC2iA0zMaBDCGy7E4EqHFvKshsMYoafPzmhg/coABCzN07uAmqENfjJlV9QYEbL409uTOxwv6U/vF+dyL6Qqlxr8kwFm3fXuO/o9XjKznQz9M/A1YMYC9i+RTqp00YKFnUoxOfOAK89jC1gtAEJXEadqKThdyQZJSFaGU6/xaYJtZ/LKkQ2pxoYutUX+KEQgHrgKtSHxwrPSPjyCu4dHk0XKBaoRP579RF1HTDLJ5NOWUMw5mi8m+P8PLukjqXKYZyJK6JeNCmdNK78WK/r+aRE0IiLGBWfyu0= kube-user@homelab-pc\n\ngrowpart:\n  mode: auto\n  devices: ['/']\n  ignore_growroot_disabled: false\n\nresize_rootfs: true",
            "vars": null
          },
          "sensitive_attributes": [],
          "identity_schema_version": 0
        }
      ]
    },
    {
      "mode": "data",
      "type": "template_file",
      "name": "user_data_nfs-server",
      "provider": "provider[\"registry.terraform.io/hashicorp/template\"]",
      "instances": [
        {
          "schema_version": 0,
          "attributes": {
            "filename": null,
            "id": "6357b9ff047b177ba88f1ce9427eebbdf856fc44a90cf89e17dfaa4ebfb615ec",
            "rendered": "#cloud-config\n# vim: syntax=yaml\n#\n# ***********************\n# \t---- for more examples look at: ------\n# ---\u003e https://cloudinit.readthedocs.io/en/latest/topics/examples.html\n# ******************************\n#\n# This is the configuration syntax that the write_files module\n# will know how to understand. encoding can be given b64 or gzip or (gz+b64).\n# The content will be decoded accordingly and then written to the path that is\n# provided.\n#\n# Note: Content strings here are truncated for example purposes.\n#ssh_pwauth: True\n#chpasswd:\n#  list: |\n#     ubuntu:Just4Now@Lab\n#  expire: False\nusers:\n  - name: ubuntu\n    shell: /bin/bash\n    sudo: ALL=(ALL) NOPASSWD:ALL\n    groups: sudo\n    lock_passwd: false\n    ssh_authorized_keys:\n      - ssh-rsa AAAAB3NzaC1yc2EAAAADAQABAAABgQDpo88u6mTK+Jh9t8ttjpesj94fh+YHFnCwSUghqN1zJN+WXI51vua0+6hOvpJMA1X9vrDS69A7xljEZCPGlIJf/jZMoPefiNGsZXEkio+J1ifoU4HSUJmnnv3Bcj2E47aAePTORVM94by3zX46DiKZSoW5KG+tTF5MXv28gcl55nJtsJs44lJVo9KTFhG7LUoCwOs4KaYS6r+lBzscj+KyTvvM1VbP4UC2iA0zMaBDCGy7E4EqHFvKshsMYoafPzmhg/coABCzN07uAmqENfjJlV9QYEbL409uTOxwv6U/vF+dyL6Qqlxr8kwFm3fXuO/o9XjKznQz9M/A1YMYC9i+RTqp00YKFnUoxOfOAK89jC1gtAEJXEadqKThdyQZJSFaGU6/xaYJtZ/LKkQ2pxoYutUX+KEQgHrgKtSHxwrPSPjyCu4dHk0XKBaoRP579RF1HTDLJ5NOWUMw5mi8m+P8PLukjqXKYZyJK6JeNCmdNK78WK/r+aRE0IiLGBWfyu0= kube-user@homelab-pc\n\ngrowpart:\n  mode: auto\n  devices: ['/']\n  ignore_growroot_disabled: false\n\nresize_rootfs: true",
            "template": "#cloud-config\n# vim: syntax=yaml\n#\n# ***********************\n# \t---- for more examples look at: ------\n# ---\u003e https://cloudinit.readthedocs.io/en/latest/topics/examples.html\n# ******************************\n#\n# This is the configuration syntax that the write_files module\n# will know how to understand. encoding can be given b64 or gzip or (gz+b64).\n# The content will be decoded accordingly and then written to the path that is\n# provided.\n#\n# Note: Content strings here are truncated for example purposes.\n#ssh_pwauth: True\n#chpasswd:\n#  list: |\n#     ubuntu:Just4Now@Lab\n#  expire: False\nusers:\n  - name: ubuntu\n    shell: /bin/bash\n    sudo: ALL=(ALL) NOPASSWD:ALL\n    groups: sudo\n    lock_passwd: false\n    ssh_authorized_keys:\n      - ssh-rsa AAAAB3NzaC1yc2EAAAADAQABAAABgQDpo88u6mTK+Jh9t8ttjpesj94fh+YHFnCwSUghqN1zJN+WXI51vua0+6hOvpJMA1X9vrDS69A7xljEZCPGlIJf/jZMoPefiNGsZXEkio+J1ifoU4HSUJmnnv3Bcj2E47aAePTORVM94by3zX46DiKZSoW5KG+tTF5MXv28gcl55nJtsJs44lJVo9KTFhG7LUoCwOs4KaYS6r+lBzscj+KyTvvM1VbP4UC2iA0zMaBDCGy7E4EqHFvKshsMYoafPzmhg/coABCzN07uAmqENfjJlV9QYEbL409uTOxwv6U/vF+dyL6Qqlxr8kwFm3fXuO/o9XjKznQz9M/A1YMYC9i+RTqp00YKFnUoxOfOAK89jC1gtAEJXEadqKThdyQZJSFaGU6/xaYJtZ/LKkQ2pxoYutUX+KEQgHrgKtSHxwrPSPjyCu4dHk0XKBaoRP579RF1HTDLJ5NOWUMw5mi8m+P8PLukjqXKYZyJK6JeNCmdNK78WK/r+aRE0IiLGBWfyu0= kube-user@homelab-pc\n\ngrowpart:\n  mode: auto\n  devices: ['/']\n  ignore_growroot_disabled: false\n\nresize_rootfs: true",
            "vars": null
          },
          "sensitive_attributes": [],
          "identity_schema_version": 0
        }
      ]
    },
    {
      "mode": "data",
      "type": "template_file",
      "name": "user_data_nodes",
      "provider": "provider[\"registry.terraform.io/hashicorp/template\"]",
      "instances": [
        {
          "index_key": "node01",
          "schema_version": 0,
          "attributes": {
            "filename": null,
            "id": "6357b9ff047b177ba88f1ce9427eebbdf856fc44a90cf89e17dfaa4ebfb615ec",
            "rendered": "#cloud-config\n# vim: syntax=yaml\n#\n# ***********************\n# \t---- for more examples look at: ------\n# ---\u003e https://cloudinit.readthedocs.io/en/latest/topics/examples.html\n# ******************************\n#\n# This is the configuration syntax that the write_files module\n# will know how to understand. encoding can be given b64 or gzip or (gz+b64).\n# The content will be decoded accordingly and then written to the path that is\n# provided.\n#\n# Note: Content strings here are truncated for example purposes.\n#ssh_pwauth: True\n#chpasswd:\n#  list: |\n#     ubuntu:Just4Now@Lab\n#  expire: False\nusers:\n  - name: ubuntu\n    shell: /bin/bash\n    sudo: ALL=(ALL) NOPASSWD:ALL\n    groups: sudo\n    lock_passwd: false\n    ssh_authorized_keys:\n      - ssh-rsa AAAAB3NzaC1yc2EAAAADAQABAAABgQDpo88u6mTK+Jh9t8ttjpesj94fh+YHFnCwSUghqN1zJN+WXI51vua0+6hOvpJMA1X9vrDS69A7xljEZCPGlIJf/jZMoPefiNGsZXEkio+J1ifoU4HSUJmnnv3Bcj2E47aAePTORVM94by3zX46DiKZSoW5KG+tTF5MXv28gcl55nJtsJs44lJVo9KTFhG7LUoCwOs4KaYS6r+lBzscj+KyTvvM1VbP4UC2iA0zMaBDCGy7E4EqHFvKshsMYoafPzmhg/coABCzN07uAmqENfjJlV9QYEbL409uTOxwv6U/vF+dyL6Qqlxr8kwFm3fXuO/o9XjKznQz9M/A1YMYC9i+RTqp00YKFnUoxOfOAK89jC1gtAEJXEadqKThdyQZJSFaGU6/xaYJtZ/LKkQ2pxoYutUX+KEQgHrgKtSHxwrPSPjyCu4dHk0XKBaoRP579RF1HTDLJ5NOWUMw5mi8m+P8PLukjqXKYZyJK6JeNCmdNK78WK/r+aRE0IiLGBWfyu0= kube-user@homelab-pc\n\ngrowpart:\n  mode: auto\n  devices: ['/']\n  ignore_growroot_disabled: false\n\nresize_rootfs: true",
            "template": "#cloud-config\n# vim: syntax=yaml\n#\n# ***********************\n# \t---- for more examples look at: ------\n# ---\u003e https://cloudinit.readthedocs.io/en/latest/topics/examples.html\n# ******************************\n#\n# This is the configuration syntax that the write_files module\n# will know how to understand. encoding can be given b64 or gzip or (gz+b64).\n# The content will be decoded accordingly and then written to the path that is\n# provided.\n#\n# Note: Content strings here are truncated for example purposes.\n#ssh_pwauth: True\n#chpasswd:\n#  list: |\n#     ubuntu:Just4Now@Lab\n#  expire: False\nusers:\n  - name: ubuntu\n    shell: /bin/bash\n    sudo: ALL=(ALL) NOPASSWD:ALL\n    groups: sudo\n    lock_passwd: false\n    ssh_authorized_keys:\n      - ssh-rsa AAAAB3NzaC1yc2EAAAADAQABAAABgQDpo88u6mTK+Jh9t8ttjpesj94fh+YHFnCwSUghqN1zJN+WXI51vua0+6hOvpJMA1X9vrDS69A7xljEZCPGlIJf/jZMoPefiNGsZXEkio+J1ifoU4HSUJmnnv3Bcj2E47aAePTORVM94by3zX46DiKZSoW5KG+tTF5MXv28gcl55nJtsJs44lJVo9KTFhG7LUoCwOs4KaYS6r+lBzscj+KyTvvM1VbP4UC2iA0zMaBDCGy7E4EqHFvKshsMYoafPzmhg/coABCzN07uAmqENfjJlV9QYEbL409uTOxwv6U/vF+dyL6Qqlxr8kwFm3fXuO/o9XjKznQz9M/A1YMYC9i+RTqp00YKFnUoxOfOAK89jC1gtAEJXEadqKThdyQZJSFaGU6/xaYJtZ/LKkQ2pxoYutUX+KEQgHrgKtSHxwrPSPjyCu4dHk0XKBaoRP579RF1HTDLJ5NOWUMw5mi8m+P8PLukjqXKYZyJK6JeNCmdNK78WK/r+aRE0IiLGBWfyu0= kube-user@homelab-pc\n\ngrowpart:\n  mode: auto\n  devices: ['/']\n  ignore_growroot_disabled: false\n\nresize_rootfs: true",
            "vars": null
          },
          "sensitive_attributes": [],
          "identity_schema_version": 0
        },
        {
          "index_key": "node02",
          "schema_version": 0,
          "attributes": {
            "filename": null,
            "id": "6357b9ff047b177ba88f1ce9427eebbdf856fc44a90cf89e17dfaa4ebfb615ec",
            "rendered": "#cloud-config\n# vim: syntax=yaml\n#\n# ***********************\n# \t---- for more examples look at: ------\n# ---\u003e https://cloudinit.readthedocs.io/en/latest/topics/examples.html\n# ******************************\n#\n# This is the configuration syntax that the write_files module\n# will know how to understand. encoding can be given b64 or gzip or (gz+b64).\n# The content will be decoded accordingly and then written to the path that is\n# provided.\n#\n# Note: Content strings here are truncated for example purposes.\n#ssh_pwauth: True\n#chpasswd:\n#  list: |\n#     ubuntu:Just4Now@Lab\n#  expire: False\nusers:\n  - name: ubuntu\n    shell: /bin/bash\n    sudo: ALL=(ALL) NOPASSWD:ALL\n    groups: sudo\n    lock_passwd: false\n    ssh_authorized_keys:\n      - ssh-rsa AAAAB3NzaC1yc2EAAAADAQABAAABgQDpo88u6mTK+Jh9t8ttjpesj94fh+YHFnCwSUghqN1zJN+WXI51vua0+6hOvpJMA1X9vrDS69A7xljEZCPGlIJf/jZMoPefiNGsZXEkio+J1ifoU4HSUJmnnv3Bcj2E47aAePTORVM94by3zX46DiKZSoW5KG+tTF5MXv28gcl55nJtsJs44lJVo9KTFhG7LUoCwOs4KaYS6r+lBzscj+KyTvvM1VbP4UC2iA0zMaBDCGy7E4EqHFvKshsMYoafPzmhg/coABCzN07uAmqENfjJlV9QYEbL409uTOxwv6U/vF+dyL6Qqlxr8kwFm3fXuO/o9XjKznQz9M/A1YMYC9i+RTqp00YKFnUoxOfOAK89jC1gtAEJXEadqKThdyQZJSFaGU6/xaYJtZ/LKkQ2pxoYutUX+KEQgHrgKtSHxwrPSPjyCu4dHk0XKBaoRP579RF1HTDLJ5NOWUMw5mi8m+P8PLukjqXKYZyJK6JeNCmdNK78WK/r+aRE0IiLGBWfyu0= kube-user@homelab-pc\n\ngrowpart:\n  mode: auto\n  devices: ['/']\n  ignore_growroot_disabled: false\n\nresize_rootfs: true",
            "template": "#cloud-config\n# vim: syntax=yaml\n#\n# ***********************\n# \t---- for more examples look at: ------\n# ---\u003e https://cloudinit.readthedocs.io/en/latest/topics/examples.html\n# ******************************\n#\n# This is the configuration syntax that the write_files module\n# will know how to understand. encoding can be given b64 or gzip or (gz+b64).\n# The content will be decoded accordingly and then written to the path that is\n# provided.\n#\n# Note: Content strings here are truncated for example purposes.\n#ssh_pwauth: True\n#chpasswd:\n#  list: |\n#     ubuntu:Just4Now@Lab\n#  expire: False\nusers:\n  - name: ubuntu\n    shell: /bin/bash\n    sudo: ALL=(ALL) NOPASSWD:ALL\n    groups: sudo\n    lock_passwd: false\n    ssh_authorized_keys:\n      - ssh-rsa AAAAB3NzaC1yc2EAAAADAQABAAABgQDpo88u6mTK+Jh9t8ttjpesj94fh+YHFnCwSUghqN1zJN+WXI51vua0+6hOvpJMA1X9vrDS69A7xljEZCPGlIJf/jZMoPefiNGsZXEkio+J1ifoU4HSUJmnnv3Bcj2E47aAePTORVM94by3zX46DiKZSoW5KG+tTF5MXv28gcl55nJtsJs44lJVo9KTFhG7LUoCwOs4KaYS6r+lBzscj+KyTvvM1VbP4UC2iA0zMaBDCGy7E4EqHFvKshsMYoafPzmhg/coABCzN07uAmqENfjJlV9QYEbL409uTOxwv6U/vF+dyL6Qqlxr8kwFm3fXuO/o9XjKznQz9M/A1YMYC9i+RTqp00YKFnUoxOfOAK89jC1gtAEJXEadqKThdyQZJSFaGU6/xaYJtZ/LKkQ2pxoYutUX+KEQgHrgKtSHxwrPSPjyCu4dHk0XKBaoRP579RF1HTDLJ5NOWUMw5mi8m+P8PLukjqXKYZyJK6JeNCmdNK78WK/r+aRE0IiLGBWfyu0= kube-user@homelab-pc\n\ngrowpart:\n  mode: auto\n  devices: ['/']\n  ignore_growroot_disabled: false\n\nresize_rootfs: true",
            "vars": null
          },
          "sensitive_attributes": [],
          "identity_schema_version": 0
        }
      ]
    },
    {
      "mode": "managed",
      "type": "libvirt_cloudinit_disk",
      "name": "commoninit",
      "provider": "provider[\"registry.terraform.io/dmacvicar/libvirt\"]",
      "instances": [
        {
          "schema_version": 0,
          "attributes": {
            "id": "/home/fpsouza/class/vm-settings/disks/controlplane/commoninit.iso;ba41cbca-fa84-4398-8cdc-8f50356f37cc",
            "meta_data": "",
            "name": "commoninit.iso",
            "network_config": "version: 2\nethernets:\n  ens3:\n    dhcp4: false\n    addresses:\n      - 192.168.122.100/24\n    gateway4: 192.168.122.1\n    nameservers:\n      addresses:\n        - 8.8.8.8\n        - 1.1.1.1\n",
            "pool": "controlplane",
            "user_data": "#cloud-config\n# vim: syntax=yaml\n#\n# ***********************\n# \t---- for more examples look at: ------\n# ---\u003e https://cloudinit.readthedocs.io/en/latest/topics/examples.html\n# ******************************\n#\n# This is the configuration syntax that the write_files module\n# will know how to understand. encoding can be given b64 or gzip or (gz+b64).\n# The content will be decoded accordingly and then written to the path that is\n# provided.\n#\n# Note: Content strings here are truncated for example purposes.\n#ssh_pwauth: True\n#chpasswd:\n#  list: |\n#     ubuntu:Just4Now@Lab\n#  expire: False\nusers:\n  - name: ubuntu\n    shell: /bin/bash\n    sudo: ALL=(ALL) NOPASSWD:ALL\n    groups: sudo\n    lock_passwd: false\n    ssh_authorized_keys:\n      - ssh-rsa AAAAB3NzaC1yc2EAAAADAQABAAABgQDpo88u6mTK+Jh9t8ttjpesj94fh+YHFnCwSUghqN1zJN+WXI51vua0+6hOvpJMA1X9vrDS69A7xljEZCPGlIJf/jZMoPefiNGsZXEkio+J1ifoU4HSUJmnnv3Bcj2E47aAePTORVM94by3zX46DiKZSoW5KG+tTF5MXv28gcl55nJtsJs44lJVo9KTFhG7LUoCwOs4KaYS6r+lBzscj+KyTvvM1VbP4UC2iA0zMaBDCGy7E4EqHFvKshsMYoafPzmhg/coABCzN07uAmqENfjJlV9QYEbL409uTOxwv6U/vF+dyL6Qqlxr8kwFm3fXuO/o9XjKznQz9M/A1YMYC9i+RTqp00YKFnUoxOfOAK89jC1gtAEJXEadqKThdyQZJSFaGU6/xaYJtZ/LKkQ2pxoYutUX+KEQgHrgKtSHxwrPSPjyCu4dHk0XKBaoRP579RF1HTDLJ5NOWUMw5mi8m+P8PLukjqXKYZyJK6JeNCmdNK78WK/r+aRE0IiLGBWfyu0= kube-user@homelab-pc\n\ngrowpart:\n  mode: auto\n  devices: ['/']\n  ignore_growroot_disabled: false\n\nresize_rootfs: true"
          },
          "sensitive_attributes": [],
          "identity_schema_version": 0,
          "private": "bnVsbA==",
          "dependencies": [
            "data.template_file.net_controlplane_cfg",
            "data.template_file.net_nfs-server_cfg",
            "data.template_file.user_data_controlplane",
            "data.template_file.user_data_nfs-server",
            "libvirt_cloudinit_disk.nfscommoninit",
            "libvirt_domain.domain-nfs-server",
            "libvirt_pool.controlplane",
            "libvirt_pool.nfs-server",
            "libvirt_volume.nfs-server_base",
            "libvirt_volume.nfs-server_data",
            "libvirt_volume.nfs-server_rootfs"
          ]
        }
      ]
    },
    {
      "mode": "managed",
      "type": "libvirt_cloudinit_disk",
      "name": "init",
      "provider": "provider[\"registry.terraform.io/dmacvicar/libvirt\"]",
      "instances": [
        {
          "index_key": "node01",
          "schema_version": 0,
          "attributes": {
            "id": "/home/fpsouza/class/vm-settings/disks/nodes/node01-commoninit.iso;0b92be20-2419-4463-864a-ef7d9d828607",
            "meta_data": "",
            "name": "node01-commoninit.iso",
            "network_config": "version: 2\nethernets:\n  ens3:\n    dhcp4: false\n    addresses:\n      - 192.168.122.110/24\n    gateway4: 192.168.122.1\n    nameservers:\n      addresses:\n        - 8.8.8.8\n        - 1.1.1.1\n",
            "pool": "vmpool",
            "user_data": "#cloud-config\n# vim: syntax=yaml\n#\n# ***********************\n# \t---- for more examples look at: ------\n# ---\u003e https://cloudinit.readthedocs.io/en/latest/topics/examples.html\n# ******************************\n#\n# This is the configuration syntax that the write_files module\n# will know how to understand. encoding can be given b64 or gzip or (gz+b64).\n# The content will be decoded accordingly and then written to the path that is\n# provided.\n#\n# Note: Content strings here are truncated for example purposes.\n#ssh_pwauth: True\n#chpasswd:\n#  list: |\n#     ubuntu:Just4Now@Lab\n#  expire: False\nusers:\n  - name: ubuntu\n    shell: /bin/bash\n    sudo: ALL=(ALL) NOPASSWD:ALL\n    groups: sudo\n    lock_passwd: false\n    ssh_authorized_keys:\n      - ssh-rsa AAAAB3NzaC1yc2EAAAADAQABAAABgQDpo88u6mTK+Jh9t8ttjpesj94fh+YHFnCwSUghqN1zJN+WXI51vua0+6hOvpJMA1X9vrDS69A7xljEZCPGlIJf/jZMoPefiNGsZXEkio+J1ifoU4HSUJmnnv3Bcj2E47aAePTORVM94by3zX46DiKZSoW5KG+tTF5MXv28gcl55nJtsJs44lJVo9KTFhG7LUoCwOs4KaYS6r+lBzscj+KyTvvM1VbP4UC2iA0zMaBDCGy7E4EqHFvKshsMYoafPzmhg/coABCzN07uAmqENfjJlV9QYEbL409uTOxwv6U/vF+dyL6Qqlxr8kwFm3fXuO/o9XjKznQz9M/A1YMYC9i+RTqp00YKFnUoxOfOAK89jC1gtAEJXEadqKThdyQZJSFaGU6/xaYJtZ/LKkQ2pxoYutUX+KEQgHrgKtSHxwrPSPjyCu4dHk0XKBaoRP579RF1HTDLJ5NOWUMw5mi8m+P8PLukjqXKYZyJK6JeNCmdNK78WK/r+aRE0IiLGBWfyu0= kube-user@homelab-pc\n\ngrowpart:\n  mode: auto\n  devices: ['/']\n  ignore_growroot_disabled: false\n\nresize_rootfs: true"
          },
          "sensitive_attributes": [],
          "identity_schema_version": 0,
          "private": "bnVsbA==",
          "dependencies": [
            "data.template_file.net_cfg",
            "data.template_file.net_controlplane_cfg",
            "data.template_file.net_nfs-server_cfg",
            "data.template_file.user_data_controlplane",
            "data.template_file.user_data_nfs-server",
            "data.template_file.user_data_nodes",
            "libvirt_cloudinit_disk.commoninit",
            "libvirt_cloudinit_disk.nfscommoninit",
            "libvirt_domain.domain-controlplane",
            "libvirt_domain.domain-nfs-server",
            "libvirt_pool.controlplane",
            "libvirt_pool.nfs-server",
            "libvirt_pool.vm_pool",
            "libvirt_volume.controlplane_base",
            "libvirt_volume.controlplane_rootfs",
            "libvirt_volume.nfs-server_base",
            "libvirt_volume.nfs-server_data",
            "libvirt_volume.nfs-server_rootfs"
          ]
        },
        {
          "index_key": "node02",
          "schema_version": 0,
          "attributes": {
            "id": "/home/fpsouza/class/vm-settings/disks/nodes/node02-commoninit.iso;d3f969b2-1089-45b7-aaae-4746a0cde24a",
            "meta_data": "",
            "name": "node02-commoninit.iso",
            "network_config": "version: 2\nethernets:\n  ens3:\n    dhcp4: false\n    addresses:\n      - 192.168.122.120/24\n    gateway4: 192.168.122.1\n    nameservers:\n      addresses:\n        - 8.8.8.8\n        - 1.1.1.1\n",
            "pool": "vmpool",
            "user_data": "#cloud-config\n# vim: syntax=yaml\n#\n# ***********************\n# \t---- for more examples look at: ------\n# ---\u003e https://cloudinit.readthedocs.io/en/latest/topics/examples.html\n# ******************************\n#\n# This is the configuration syntax that the write_files module\n# will know how to understand. encoding can be given b64 or gzip or (gz+b64).\n# The content will be decoded accordingly and then written to the path that is\n# provided.\n#\n# Note: Content strings here are truncated for example purposes.\n#ssh_pwauth: True\n#chpasswd:\n#  list: |\n#     ubuntu:Just4Now@Lab\n#  expire: False\nusers:\n  - name: ubuntu\n    shell: /bin/bash\n    sudo: ALL=(ALL) NOPASSWD:ALL\n    groups: sudo\n    lock_passwd: false\n    ssh_authorized_keys:\n      - ssh-rsa AAAAB3NzaC1yc2EAAAADAQABAAABgQDpo88u6mTK+Jh9t8ttjpesj94fh+YHFnCwSUghqN1zJN+WXI51vua0+6hOvpJMA1X9vrDS69A7xljEZCPGlIJf/jZMoPefiNGsZXEkio+J1ifoU4HSUJmnnv3Bcj2E47aAePTORVM94by3zX46DiKZSoW5KG+tTF5MXv28gcl55nJtsJs44lJVo9KTFhG7LUoCwOs4KaYS6r+lBzscj+KyTvvM1VbP4UC2iA0zMaBDCGy7E4EqHFvKshsMYoafPzmhg/coABCzN07uAmqENfjJlV9QYEbL409uTOxwv6U/vF+dyL6Qqlxr8kwFm3fXuO/o9XjKznQz9M/A1YMYC9i+RTqp00YKFnUoxOfOAK89jC1gtAEJXEadqKThdyQZJSFaGU6/xaYJtZ/LKkQ2pxoYutUX+KEQgHrgKtSHxwrPSPjyCu4dHk0XKBaoRP579RF1HTDLJ5NOWUMw5mi8m+P8PLukjqXKYZyJK6JeNCmdNK78WK/r+aRE0IiLGBWfyu0= kube-user@homelab-pc\n\ngrowpart:\n  mode: auto\n  devices: ['/']\n  ignore_growroot_disabled: false\n\nresize_rootfs: true"
          },
          "sensitive_attributes": [],
          "identity_schema_version": 0,
          "private": "bnVsbA==",
          "dependencies": [
            "data.template_file.net_cfg",
            "data.template_file.net_controlplane_cfg",
            "data.template_file.net_nfs-server_cfg",
            "data.template_file.user_data_controlplane",
            "data.template_file.user_data_nfs-server",
            "data.template_file.user_data_nodes",
            "libvirt_cloudinit_disk.commoninit",
            "libvirt_cloudinit_disk.nfscommoninit",
            "libvirt_domain.domain-controlplane",
            "libvirt_domain.domain-nfs-server",
            "libvirt_pool.controlplane",
            "libvirt_pool.nfs-server",
            "libvirt_pool.vm_pool",
            "libvirt_volume.controlplane_base",
            "libvirt_volume.controlplane_rootfs",
            "libvirt_volume.nfs-server_base",
            "libvirt_volume.nfs-server_data",
            "libvirt_volume.nfs-server_rootfs"
          ]
        }
      ]
    },
    {
      "mode": "managed",
      "type": "libvirt_cloudinit_disk",
      "name": "nfscommoninit",
      "provider": "provider[\"registry.terraform.io/dmacvicar/libvirt\"]",
      "instances": [
        {
          "schema_version": 0,
          "attributes": {
            "id": "/home/fpsouza/class/vm-settings/disks/nfs-server/nfscommoninit.iso;78bcda71-afaa-4955-96d4-1fe140dfec59",
            "meta_data": "",
            "name": "nfscommoninit.iso",
            "network_config": "version: 2\nethernets:\n  ens3:\n    dhcp4: false\n    addresses:\n      - 192.168.122.130/24\n    gateway4: 192.168.122.1\n    nameservers:\n      addresses:\n        - 8.8.8.8\n        - 1.1.1.1",
            "pool": "nfs-server",
            "user_data": "#cloud-config\n# vim: syntax=yaml\n#\n# ***********************\n# \t---- for more examples look at: ------\n# ---\u003e https://cloudinit.readthedocs.io/en/latest/topics/examples.html\n# ******************************\n#\n# This is the configuration syntax that the write_files module\n# will know how to understand. encoding can be given b64 or gzip or (gz+b64).\n# The content will be decoded accordingly and then written to the path that is\n# provided.\n#\n# Note: Content strings here are truncated for example purposes.\n#ssh_pwauth: True\n#chpasswd:\n#  list: |\n#     ubuntu:Just4Now@Lab\n#  expire: False\nusers:\n  - name: ubuntu\n    shell: /bin/bash\n    sudo: ALL=(ALL) NOPASSWD:ALL\n    groups: sudo\n    lock_passwd: false\n    ssh_authorized_keys:\n      - ssh-rsa AAAAB3NzaC1yc2EAAAADAQABAAABgQDpo88u6mTK+Jh9t8ttjpesj94fh+YHFnCwSUghqN1zJN+WXI51vua0+6hOvpJMA1X9vrDS69A7xljEZCPGlIJf/jZMoPefiNGsZXEkio+J1ifoU4HSUJmnnv3Bcj2E47aAePTORVM94by3zX46DiKZSoW5KG+tTF5MXv28gcl55nJtsJs44lJVo9KTFhG7LUoCwOs4KaYS6r+lBzscj+KyTvvM1VbP4UC2iA0zMaBDCGy7E4EqHFvKshsMYoafPzmhg/coABCzN07uAmqENfjJlV9QYEbL409uTOxwv6U/vF+dyL6Qqlxr8kwFm3fXuO/o9XjKznQz9M/A1YMYC9i+RTqp00YKFnUoxOfOAK89jC1gtAEJXEadqKThdyQZJSFaGU6/xaYJtZ/LKkQ2pxoYutUX+KEQgHrgKtSHxwrPSPjyCu4dHk0XKBaoRP579RF1HTDLJ5NOWUMw5mi8m+P8PLukjqXKYZyJK6JeNCmdNK78WK/r+aRE0IiLGBWfyu0= kube-user@homelab-pc\n\ngrowpart:\n  mode: auto\n  devices: ['/']\n  ignore_growroot_disabled: false\n\nresize_rootfs: true"
          },
          "sensitive_attributes": [],
          "identity_schema_version": 0,
          "private": "bnVsbA==",
          "dependencies": [
            "data.template_file.net_nfs-server_cfg",
            "data.template_file.user_data_nfs-server",
            "libvirt_pool.nfs-server"
          ]
        }
      ]
    },
    {
      "mode": "managed",
      "type": "libvirt_domain",
      "name": "domain-controlplane",
      "provider": "provider[\"registry.terraform.io/dmacvicar/libvirt\"]",
      "instances": [
        {
          "schema_version": 0,
          "attributes": {
            "arch": "x86_64",
            "autostart": false,
            "boot_device": [],
            "cloudinit": "/home/fpsouza/class/vm-settings/disks/controlplane/commoninit.iso;ba41cbca-fa84-4398-8cdc-8f50356f37cc",
            "cmdline": null,
            "console": [
              {
                "source_host": "127.0.0.1",
                "source_path": "",
                "source_service": "0",
                "target_port": "0",
                "target_type": "serial",
                "type": "pty"
              },
              {
                "source_host": "127.0.0.1",
                "source_path": "",
                "source_service": "0",
                "target_port": "1",
                "target_type": "virtio",
                "type": "pty"
              }
            ],
            "coreos_ignition": null,
            "cpu": [
              {
                "mode": "custom"
              }
            ],
            "description": "",
            "disk": [
              {
                "block_device": "",
                "file": "",
                "scsi": false,
                "url": "",
                "volume_id": "/home/fpsouza/class/vm-settings/disks/controlplane/controlplane-22.04-rootfs.qcow2",
                "wwn": ""
              }
            ],
            "emulator": "/usr/bin/qemu-system-x86_64",
            "filesystem": [],
            "firmware": null,
            "fw_cfg_name": "opt/com.coreos/config",
            "graphics": [
              {
                "autoport": true,
                "listen_address": "127.0.0.1",
                "listen_type": "address",
                "type": "spice",
                "websocket": 0
              }
            ],
            "id": "b5007791-ae91-4ee9-b5c1-d2eacbf4f13b",
            "initrd": "",
            "kernel": "",
            "machine": "pc",
            "memory": 2048,
            "metadata": null,
            "name": "controlplane",
            "network_interface": [
              {
                "addresses": [],
                "bridge": "",
                "hostname": "",
                "mac": "52:54:00:0E:01:5D",
                "macvtap": "",
                "network_id": "591a8893-d552-47bd-8cff-9ef4b0610ccc",
                "network_name": "default",
                "passthrough": "",
                "private": "",
                "vepa": "",
                "wait_for_lease": false
              }
            ],
            "nvram": null,
            "qemu_agent": false,
            "running": true,
            "timeouts": null,
            "tpm": [],
            "type": "kvm",
            "vcpu": 1,
            "video": [],
            "xml": []
          },
          "sensitive_attributes": [],
          "identity_schema_version": 0,
          "private": "eyJlMmJmYjczMC1lY2FhLTExZTYtOGY4OC0zNDM2M2JjN2M0YzAiOnsiY3JlYXRlIjozMDAwMDAwMDAwMDB9fQ==",
          "dependencies": [
            "data.template_file.net_controlplane_cfg",
            "data.template_file.net_nfs-server_cfg",
            "data.template_file.user_data_controlplane",
            "data.template_file.user_data_nfs-server",
            "libvirt_cloudinit_disk.commoninit",
            "libvirt_cloudinit_disk.nfscommoninit",
            "libvirt_domain.domain-nfs-server",
            "libvirt_pool.controlplane",
            "libvirt_pool.nfs-server",
            "libvirt_volume.controlplane_base",
            "libvirt_volume.controlplane_rootfs",
            "libvirt_volume.nfs-server_base",
            "libvirt_volume.nfs-server_data",
            "libvirt_volume.nfs-server_rootfs"
          ]
        }
      ]
    },
    {
      "mode": "managed",
      "type": "libvirt_domain",
      "name": "domain-nfs-server",
      "provider": "provider[\"registry.terraform.io/dmacvicar/libvirt\"]",
      "instances": [
        {
          "schema_version": 0,
          "attributes": {
            "arch": "x86_64",
            "autostart": false,
            "boot_device": [],
            "cloudinit": "/home/fpsouza/class/vm-settings/disks/nfs-server/nfscommoninit.iso;78bcda71-afaa-4955-96d4-1fe140dfec59",
            "cmdline": null,
            "console": [
              {
                "source_host": "127.0.0.1",
                "source_path": "",
                "source_service": "0",
                "target_port": "0",
                "target_type": "serial",
                "type": "pty"
              },
              {
                "source_host": "127.0.0.1",
                "source_path": "",
                "source_service": "0",
                "target_port": "1",
                "target_type": "virtio",
                "type": "pty"
              }
            ],
            "coreos_ignition": null,
            "cpu": [
              {
                "mode": "custom"
              }
            ],
            "description": "",
            "disk": [
              {
                "block_device": "",
                "file": "",
                "scsi": false,
                "url": "",
                "volume_id": "/home/fpsouza/class/vm-settings/disks/nfs-server/nfs-server-22.04-rootfs.qcow2",
                "wwn": ""
              },
              {
                "block_device": "",
                "file": "",
                "scsi": false,
                "url": "",
                "volume_id": "/home/fpsouza/class/vm-settings/disks/nfs-server/nfs-server-data.qcow2",
                "wwn": ""
              }
            ],
            "emulator": "/usr/bin/qemu-system-x86_64",
            "filesystem": [],
            "firmware": null,
            "fw_cfg_name": "opt/com.coreos/config",
            "graphics": [
              {
                "autoport": true,
                "listen_address": "127.0.0.1",
                "listen_type": "address",
                "type": "spice",
                "websocket": 0
              }
            ],
            "id": "036aa412-079b-42a4-8737-8f25417eab8e",
            "initrd": "",
            "kernel": "",
            "machine": "pc",
            "memory": 2048,
            "metadata": null,
            "name": "nfs-server",
            "network_interface": [
              {
                "addresses": [],
                "bridge": "",
                "hostname": "",
                "mac": "52:54:00:DE:7D:C6",
                "macvtap": "",
                "network_id": "591a8893-d552-47bd-8cff-9ef4b0610ccc",
                "network_name": "default",
                "passthrough": "",
                "private": "",
                "vepa": "",
                "wait_for_lease": false
              }
            ],
            "nvram": null,
            "qemu_agent": false,
            "running": true,
            "timeouts": null,
            "tpm": [],
            "type": "kvm",
            "vcpu": 1,
            "video": [],
            "xml": []
          },
          "sensitive_attributes": [],
          "identity_schema_version": 0,
          "private": "eyJlMmJmYjczMC1lY2FhLTExZTYtOGY4OC0zNDM2M2JjN2M0YzAiOnsiY3JlYXRlIjozMDAwMDAwMDAwMDB9fQ==",
          "dependencies": [
            "data.template_file.net_nfs-server_cfg",
            "data.template_file.user_data_nfs-server",
            "libvirt_cloudinit_disk.nfscommoninit",
            "libvirt_pool.nfs-server",
            "libvirt_volume.nfs-server_base",
            "libvirt_volume.nfs-server_data",
            "libvirt_volume.nfs-server_rootfs"
          ]
        }
      ]
    },
    {
      "mode": "managed",
      "type": "libvirt_domain",
      "name": "node",
      "provider": "provider[\"registry.terraform.io/dmacvicar/libvirt\"]",
      "instances": [
        {
          "index_key": "node01",
          "schema_version": 0,
          "attributes": {
            "arch": "x86_64",
            "autostart": false,
            "boot_device": [],
            "cloudinit": "/home/fpsouza/class/vm-settings/disks/nodes/node01-commoninit.iso;0b92be20-2419-4463-864a-ef7d9d828607",
            "cmdline": null,
            "console": [
              {
                "source_host": "127.0.0.1",
                "source_path": "",
                "source_service": "0",
                "target_port": "0",
                "target_type": "serial",
                "type": "pty"
              },
              {
                "source_host": "127.0.0.1",
                "source_path": "",
                "source_service": "0",
                "target_port": "1",
                "target_type": "virtio",
                "type": "pty"
              }
            ],
            "coreos_ignition": null,
            "cpu": [
              {
                "mode": "custom"
              }
            ],
            "description": "",
            "disk": [
              {
                "block_device": "",
                "file": "",
                "scsi": false,
                "url": "",
                "volume_id": "/home/fpsouza/class/vm-settings/disks/nodes/node01-22.04-rootfs.qcow2",
                "wwn": ""
              }
            ],
            "emulator": "/usr/bin/qemu-system-x86_64",
            "filesystem": [],
            "firmware": null,
            "fw_cfg_name": "opt/com.coreos/config",
            "graphics": [
              {
                "autoport": true,
                "listen_address": "127.0.0.1",
                "listen_type": "address",
                "type": "spice",
                "websocket": 0
              }
            ],
            "id": "684a69b4-282a-4a34-bc6f-6075b0f41057",
            "initrd": "",
            "kernel": "",
            "machine": "pc",
            "memory": 2048,
            "metadata": null,
            "name": "node01",
            "network_interface": [
              {
                "addresses": [],
                "bridge": "",
                "hostname": "",
                "mac": "52:54:00:DE:AA:F0",
                "macvtap": "",
                "network_id": "591a8893-d552-47bd-8cff-9ef4b0610ccc",
                "network_name": "default",
                "passthrough": "",
                "private": "",
                "vepa": "",
                "wait_for_lease": false
              }
            ],
            "nvram": null,
            "qemu_agent": false,
            "running": true,
            "timeouts": null,
            "tpm": [],
            "type": "kvm",
            "vcpu": 1,
            "video": [],
            "xml": []
          },
          "sensitive_attributes": [],
          "identity_schema_version": 0,
          "private": "eyJlMmJmYjczMC1lY2FhLTExZTYtOGY4OC0zNDM2M2JjN2M0YzAiOnsiY3JlYXRlIjozMDAwMDAwMDAwMDB9fQ==",
          "dependencies": [
            "data.template_file.net_cfg",
            "data.template_file.net_controlplane_cfg",
            "data.template_file.net_nfs-server_cfg",
            "data.template_file.user_data_controlplane",
            "data.template_file.user_data_nfs-server",
            "data.template_file.user_data_nodes",
            "libvirt_cloudinit_disk.commoninit",
            "libvirt_cloudinit_disk.init",
            "libvirt_cloudinit_disk.nfscommoninit",
            "libvirt_domain.domain-controlplane",
            "libvirt_domain.domain-nfs-server",
            "libvirt_pool.controlplane",
            "libvirt_pool.nfs-server",
            "libvirt_pool.vm_pool",
            "libvirt_volume.base_img",
            "libvirt_volume.controlplane_base",
            "libvirt_volume.controlplane_rootfs",
            "libvirt_volume.nfs-server_base",
            "libvirt_volume.nfs-server_data",
            "libvirt_volume.nfs-server_rootfs",
            "libvirt_volume.rootfs"
          ]
        },
        {
          "index_key": "node02",
          "schema_version": 0,
          "attributes": {
            "arch": "x86_64",
            "autostart": false,
            "boot_device": [],
            "cloudinit": "/home/fpsouza/class/vm-settings/disks/nodes/node02-commoninit.iso;d3f969b2-1089-45b7-aaae-4746a0cde24a",
            "cmdline": null,
            "console": [
              {
                "source_host": "127.0.0.1",
                "source_path": "",
                "source_service": "0",
                "target_port": "0",
                "target_type": "serial",
                "type": "pty"
              },
              {
                "source_host": "127.0.0.1",
                "source_path": "",
                "source_service": "0",
                "target_port": "1",
                "target_type": "virtio",
                "type": "pty"
              }
            ],
            "coreos_ignition": null,
            "cpu": [
              {
                "mode": "custom"
              }
            ],
            "description": "",
            "disk": [
              {
                "block_device": "",
                "file": "",
                "scsi": false,
                "url": "",
                "volume_id": "/home/fpsouza/class/vm-settings/disks/nodes/node02-22.04-rootfs.qcow2",
                "wwn": ""
              }
            ],
            "emulator": "/usr/bin/qemu-system-x86_64",
            "filesystem": [],
            "firmware": null,
            "fw_cfg_name": "opt/com.coreos/config",
            "graphics": [
              {
                "autoport": true,
                "listen_address": "127.0.0.1",
                "listen_type": "address",
                "type": "spice",
                "websocket": 0
              }
            ],
            "id": "c2ba4a37-7e90-4abc-953a-910985da043d",
            "initrd": "",
            "kernel": "",
            "machine": "pc",
            "memory": 2048,
            "metadata": null,
            "name": "node02",
            "network_interface": [
              {
                "addresses": [],
                "bridge": "",
                "hostname": "",
                "mac": "52:54:00:8A:DF:75",
                "macvtap": "",
                "network_id": "591a8893-d552-47bd-8cff-9ef4b0610ccc",
                "network_name": "default",
                "passthrough": "",
                "private": "",
                "vepa": "",
                "wait_for_lease": false
              }
            ],
            "nvram": null,
            "qemu_agent": false,
            "running": true,
            "timeouts": null,
            "tpm": [],
            "type": "kvm",
            "vcpu": 1,
            "video": [],
            "xml": []
          },
          "sensitive_attributes": [],
          "identity_schema_version": 0,
          "private": "eyJlMmJmYjczMC1lY2FhLTExZTYtOGY4OC0zNDM2M2JjN2M0YzAiOnsiY3JlYXRlIjozMDAwMDAwMDAwMDB9fQ==",
          "dependencies": [
            "data.template_file.net_cfg",
            "data.template_file.net_controlplane_cfg",
            "data.template_file.net_nfs-server_cfg",
            "data.template_file.user_data_controlplane",
            "data.template_file.user_data_nfs-server",
            "data.template_file.user_data_nodes",
            "libvirt_cloudinit_disk.commoninit",
            "libvirt_cloudinit_disk.init",
            "libvirt_cloudinit_disk.nfscommoninit",
            "libvirt_domain.domain-controlplane",
            "libvirt_domain.domain-nfs-server",
            "libvirt_pool.controlplane",
            "libvirt_pool.nfs-server",
            "libvirt_pool.vm_pool",
            "libvirt_volume.base_img",
            "libvirt_volume.controlplane_base",
            "libvirt_volume.controlplane_rootfs",
            "libvirt_volume.nfs-server_base",
            "libvirt_volume.nfs-server_data",
            "libvirt_volume.nfs-server_rootfs",
            "libvirt_volume.rootfs"
          ]
        }
      ]
    },
    {
      "mode": "managed",
      "type": "libvirt_pool",
      "name": "controlplane",
      "provider": "provider[\"registry.terraform.io/dmacvicar/libvirt\"]",
      "instances": [
        {
          "schema_version": 0,
          "attributes": {
            "allocation": 99349655552,
            "available": 402459979776,
            "capacity": 501809635328,
            "id": "65b710d3-d2d2-4135-a117-1c1b12c96a4a",
            "name": "controlplane",
            "path": null,
            "source": [],
            "target": [
              {
                "path": "/home/fpsouza/class/vm-settings/disks/controlplane"
              }
            ],
            "type": "dir",
            "xml": []
          },
          "sensitive_attributes": [],
          "identity_schema_version": 0,
          "private": "bnVsbA==",
          "dependencies": [
            "data.template_file.net_nfs-server_cfg",
            "data.template_file.user_data_nfs-server",
            "libvirt_cloudinit_disk.nfscommoninit",
            "libvirt_domain.domain-nfs-server",
            "libvirt_pool.nfs-server",
            "libvirt_volume.nfs-server_base",
            "libvirt_volume.nfs-server_data",
            "libvirt_volume.nfs-server_rootfs"
          ]
        }
      ]
    },
    {
      "mode": "managed",
      "type": "libvirt_pool",
      "name": "nfs-server",
      "provider": "provider[\"registry.terraform.io/dmacvicar/libvirt\"]",
      "instances": [
        {
          "schema_version": 0,
          "attributes": {
            "allocation": 98671443968,
            "available": 403138191360,
            "capacity": 501809635328,
            "id": "5e9a98a3-2407-401c-baef-a2b22d8a8a12",
            "name": "nfs-server",
            "path": null,
            "source": [],
            "target": [
              {
                "path": "/home/fpsouza/class/vm-settings/disks/nfs-server"
              }
            ],
            "type": "dir",
            "xml": []
          },
          "sensitive_attributes": [],
          "identity_schema_version": 0,
          "private": "bnVsbA=="
        }
      ]
    },
    {
      "mode": "managed",
      "type": "libvirt_pool",
      "name": "vm_pool",
      "provider": "provider[\"registry.terraform.io/dmacvicar/libvirt\"]",
      "instances": [
        {
          "schema_version": 0,
          "attributes": {
            "allocation": 100375670784,
            "available": 401433964544,
            "capacity": 501809635328,
            "id": "08f5597b-6047-4296-ab1c-577887d217ad",
            "name": "vmpool",
            "path": null,
            "source": [],
            "target": [
              {
                "path": "/home/fpsouza/class/vm-settings/disks/nodes"
              }
            ],
            "type": "dir",
            "xml": []
          },
          "sensitive_attributes": [],
          "identity_schema_version": 0,
          "private": "bnVsbA==",
          "dependencies": [
            "data.template_file.net_controlplane_cfg",
            "data.template_file.net_nfs-server_cfg",
            "data.template_file.user_data_controlplane",
            "data.template_file.user_data_nfs-server",
            "libvirt_cloudinit_disk.commoninit",
            "libvirt_cloudinit_disk.nfscommoninit",
            "libvirt_domain.domain-controlplane",
            "libvirt_domain.domain-nfs-server",
            "libvirt_pool.controlplane",
            "libvirt_pool.nfs-server",
            "libvirt_volume.controlplane_base",
            "libvirt_volume.controlplane_rootfs",
            "libvirt_volume.nfs-server_base",
            "libvirt_volume.nfs-server_data",
            "libvirt_volume.nfs-server_rootfs"
          ]
        }
      ]
    },
    {
      "mode": "managed",
      "type": "libvirt_volume",
      "name": "base_img",
      "provider": "provider[\"registry.terraform.io/dmacvicar/libvirt\"]",
      "instances": [
        {
          "index_key": "node01",
          "schema_version": 0,
          "attributes": {
            "base_volume_id": null,
            "base_volume_name": null,
            "base_volume_pool": null,
            "format": "qcow2",
            "id": "/home/fpsouza/class/vm-settings/disks/nodes/node01-base",
            "name": "node01-base",
            "pool": "vmpool",
            "size": 2361393152,
            "source": "https://cloud-images.ubuntu.com/releases/jammy/release/ubuntu-22.04-server-cloudimg-amd64.img",
            "xml": []
          },
          "sensitive_attributes": [],
          "identity_schema_version": 0,
          "private": "bnVsbA==",
          "dependencies": [
            "data.template_file.net_controlplane_cfg",
            "data.template_file.net_nfs-server_cfg",
            "data.template_file.user_data_controlplane",
            "data.template_file.user_data_nfs-server",
            "libvirt_cloudinit_disk.commoninit",
            "libvirt_cloudinit_disk.nfscommoninit",
            "libvirt_domain.domain-controlplane",
            "libvirt_domain.domain-nfs-server",
            "libvirt_pool.controlplane",
            "libvirt_pool.nfs-server",
            "libvirt_pool.vm_pool",
            "libvirt_volume.controlplane_base",
            "libvirt_volume.controlplane_rootfs",
            "libvirt_volume.nfs-server_base",
            "libvirt_volume.nfs-server_data",
            "libvirt_volume.nfs-server_rootfs"
          ]
        },
        {
          "index_key": "node02",
          "schema_version": 0,
          "attributes": {
            "base_volume_id": null,
            "base_volume_name": null,
            "base_volume_pool": null,
            "format": "qcow2",
            "id": "/home/fpsouza/class/vm-settings/disks/nodes/node02-base",
            "name": "node02-base",
            "pool": "vmpool",
            "size": 2361393152,
            "source": "https://cloud-images.ubuntu.com/releases/jammy/release/ubuntu-22.04-server-cloudimg-amd64.img",
            "xml": []
          },
          "sensitive_attributes": [],
          "identity_schema_version": 0,
          "private": "bnVsbA==",
          "dependencies": [
            "data.template_file.net_controlplane_cfg",
            "data.template_file.net_nfs-server_cfg",
            "data.template_file.user_data_controlplane",
            "data.template_file.user_data_nfs-server",
            "libvirt_cloudinit_disk.commoninit",
            "libvirt_cloudinit_disk.nfscommoninit",
            "libvirt_domain.domain-controlplane",
            "libvirt_domain.domain-nfs-server",
            "libvirt_pool.controlplane",
            "libvirt_pool.nfs-server",
            "libvirt_pool.vm_pool",
            "libvirt_volume.controlplane_base",
            "libvirt_volume.controlplane_rootfs",
            "libvirt_volume.nfs-server_base",
            "libvirt_volume.nfs-server_data",
            "libvirt_volume.nfs-server_rootfs"
          ]
        }
      ]
    },
    {
      "mode": "managed",
      "type": "libvirt_volume",
      "name": "controlplane_base",
      "provider": "provider[\"registry.terraform.io/dmacvicar/libvirt\"]",
      "instances": [
        {
          "schema_version": 0,
          "attributes": {
            "base_volume_id": null,
            "base_volume_name": null,
            "base_volume_pool": null,
            "format": "qcow2",
            "id": "/home/fpsouza/class/vm-settings/disks/controlplane/controlplane-base",
            "name": "controlplane-base",
            "pool": "controlplane",
            "size": 2361393152,
            "source": "https://cloud-images.ubuntu.com/releases/jammy/release/ubuntu-22.04-server-cloudimg-amd64.img",
            "xml": []
          },
          "sensitive_attributes": [],
          "identity_schema_version": 0,
          "private": "bnVsbA==",
          "dependencies": [
            "data.template_file.net_nfs-server_cfg",
            "data.template_file.user_data_nfs-server",
            "libvirt_cloudinit_disk.nfscommoninit",
            "libvirt_domain.domain-nfs-server",
            "libvirt_pool.controlplane",
            "libvirt_pool.nfs-server",
            "libvirt_volume.nfs-server_base",
            "libvirt_volume.nfs-server_data",
            "libvirt_volume.nfs-server_rootfs"
          ]
        }
      ]
    },
    {
      "mode": "managed",
      "type": "libvirt_volume",
      "name": "controlplane_rootfs",
      "provider": "provider[\"registry.terraform.io/dmacvicar/libvirt\"]",
      "instances": [
        {
          "schema_version": 0,
          "attributes": {
            "base_volume_id": "/home/fpsouza/class/vm-settings/disks/controlplane/controlplane-base",
            "base_volume_name": null,
            "base_volume_pool": null,
            "format": "qcow2",
            "id": "/home/fpsouza/class/vm-settings/disks/controlplane/controlplane-22.04-rootfs.qcow2",
            "name": "controlplane-22.04-rootfs.qcow2",
            "pool": "controlplane",
            "size": 10737418240,
            "source": null,
            "xml": []
          },
          "sensitive_attributes": [],
          "identity_schema_version": 0,
          "private": "bnVsbA==",
          "dependencies": [
            "data.template_file.net_nfs-server_cfg",
            "data.template_file.user_data_nfs-server",
            "libvirt_cloudinit_disk.nfscommoninit",
            "libvirt_domain.domain-nfs-server",
            "libvirt_pool.controlplane",
            "libvirt_pool.nfs-server",
            "libvirt_volume.controlplane_base",
            "libvirt_volume.nfs-server_base",
            "libvirt_volume.nfs-server_data",
            "libvirt_volume.nfs-server_rootfs"
          ]
        }
      ]
    },
    {
      "mode": "managed",
      "type": "libvirt_volume",
      "name": "nfs-server_base",
      "provider": "provider[\"registry.terraform.io/dmacvicar/libvirt\"]",
      "instances": [
        {
          "schema_version": 0,
          "attributes": {
            "base_volume_id": null,
            "base_volume_name": null,
            "base_volume_pool": null,
            "format": "qcow2",
            "id": "/home/fpsouza/class/vm-settings/disks/nfs-server/nfs-server-base",
            "name": "nfs-server-base",
            "pool": "nfs-server",
            "size": 2361393152,
            "source": "https://cloud-images.ubuntu.com/releases/jammy/release/ubuntu-22.04-server-cloudimg-amd64.img",
            "xml": []
          },
          "sensitive_attributes": [],
          "identity_schema_version": 0,
          "private": "bnVsbA==",
          "dependencies": [
            "libvirt_pool.nfs-server"
          ]
        }
      ]
    },
    {
      "mode": "managed",
      "type": "libvirt_volume",
      "name": "nfs-server_data",
      "provider": "provider[\"registry.terraform.io/dmacvicar/libvirt\"]",
      "instances": [
        {
          "schema_version": 0,
          "attributes": {
            "base_volume_id": null,
            "base_volume_name": null,
            "base_volume_pool": null,
            "format": "qcow2",
            "id": "/home/fpsouza/class/vm-settings/disks/nfs-server/nfs-server-data.qcow2",
            "name": "nfs-server-data.qcow2",
            "pool": "nfs-server",
            "size": 10737418240,
            "source": null,
            "xml": []
          },
          "sensitive_attributes": [],
          "identity_schema_version": 0,
          "private": "bnVsbA==",
          "dependencies": [
            "libvirt_pool.nfs-server"
          ]
        }
      ]
    },
    {
      "mode": "managed",
      "type": "libvirt_volume",
      "name": "nfs-server_rootfs",
      "provider": "provider[\"registry.terraform.io/dmacvicar/libvirt\"]",
      "instances": [
        {
          "schema_version": 0,
          "attributes": {
            "base_volume_id": "/home/fpsouza/class/vm-settings/disks/nfs-server/nfs-server-base",
            "base_volume_name": null,
            "base_volume_pool": null,
            "format": "qcow2",
            "id": "/home/fpsouza/class/vm-settings/disks/nfs-server/nfs-server-22.04-rootfs.qcow2",
            "name": "nfs-server-22.04-rootfs.qcow2",
            "pool": "nfs-server",
            "size": 10737418240,
            "source": null,
            "xml": []
          },
          "sensitive_attributes": [],
          "identity_schema_version": 0,
          "private": "bnVsbA==",
          "dependencies": [
            "libvirt_pool.nfs-server",
            "libvirt_volume.nfs-server_base"
          ]
        }
      ]
    },
    {
      "mode": "managed",
      "type": "libvirt_volume",
      "name": "rootfs",
      "provider": "provider[\"registry.terraform.io/dmacvicar/libvirt\"]",
      "instances": [
        {
          "index_key": "node01",
          "schema_version": 0,
          "attributes": {
            "base_volume_id": "/home/fpsouza/class/vm-settings/disks/nodes/node01-base",
            "base_volume_name": null,
            "base_volume_pool": null,
            "format": "qcow2",
            "id": "/home/fpsouza/class/vm-settings/disks/nodes/node01-22.04-rootfs.qcow2",
            "name": "node01-22.04-rootfs.qcow2",
            "pool": "vmpool",
            "size": 10737418240,
            "source": null,
            "xml": []
          },
          "sensitive_attributes": [],
          "identity_schema_version": 0,
          "private": "bnVsbA==",
          "dependencies": [
            "data.template_file.net_controlplane_cfg",
            "data.template_file.net_nfs-server_cfg",
            "data.template_file.user_data_controlplane",
            "data.template_file.user_data_nfs-server",
            "libvirt_cloudinit_disk.commoninit",
            "libvirt_cloudinit_disk.nfscommoninit",
            "libvirt_domain.domain-controlplane",
            "libvirt_domain.domain-nfs-server",
            "libvirt_pool.controlplane",
            "libvirt_pool.nfs-server",
            "libvirt_pool.vm_pool",
            "libvirt_volume.base_img",
            "libvirt_volume.controlplane_base",
            "libvirt_volume.controlplane_rootfs",
            "libvirt_volume.nfs-server_base",
            "libvirt_volume.nfs-server_data",
            "libvirt_volume.nfs-server_rootfs"
          ]
        },
        {
          "index_key": "node02",
          "schema_version": 0,
          "attributes": {
            "base_volume_id": "/home/fpsouza/class/vm-settings/disks/nodes/node02-base",
            "base_volume_name": null,
            "base_volume_pool": null,
            "format": "qcow2",
            "id": "/home/fpsouza/class/vm-settings/disks/nodes/node02-22.04-rootfs.qcow2",
            "name": "node02-22.04-rootfs.qcow2",
            "pool": "vmpool",
            "size": 10737418240,
            "source": null,
            "xml": []
          },
          "sensitive_attributes": [],
          "identity_schema_version": 0,
          "private": "bnVsbA==",
          "dependencies": [
            "data.template_file.net_controlplane_cfg",
            "data.template_file.net_nfs-server_cfg",
            "data.template_file.user_data_controlplane",
            "data.template_file.user_data_nfs-server",
            "libvirt_cloudinit_disk.commoninit",
            "libvirt_cloudinit_disk.nfscommoninit",
            "libvirt_domain.domain-controlplane",
            "libvirt_domain.domain-nfs-server",
            "libvirt_pool.controlplane",
            "libvirt_pool.nfs-server",
            "libvirt_pool.vm_pool",
            "libvirt_volume.base_img",
            "libvirt_volume.controlplane_base",
            "libvirt_volume.controlplane_rootfs",
            "libvirt_volume.nfs-server_base",
            "libvirt_volume.nfs-server_data",
            "libvirt_volume.nfs-server_rootfs"
          ]
        }
      ]
    },
    {
      "mode": "managed",
      "type": "local_file",
      "name": "ansible_inventory",
      "provider": "provider[\"registry.terraform.io/hashicorp/local\"]",
      "instances": [
        {
          "schema_version": 0,
          "attributes": {
            "content": "[nfs-server]\n192.168.122.130\n\n[controlplane]\n192.168.122.100\n\n[nodes]\n192.168.122.110 ansible_host=192.168.122.110 hostname=node01\n192.168.122.120 ansible_host=192.168.122.120 hostname=node02\n",
            "content_base64": null,
            "content_base64sha256": "wDurh5UeiGXbX5zeEFnjSzIeUgJ7G2fKqlPcwEusEiA=",
            "content_base64sha512": "csRTylYnTUQeQVf8dsDZrV7LKnohwauwVkdZS7TeAryncuezf3bnScKHh/SHDqriTg8TnApZGbpxXLvat+tJXg==",
            "content_md5": "944895d7bba5d4e705fa154748a8d812",
            "content_sha1": "2d0dad61ac1b41267f25ee007a623ee7bb2010bb",
            "content_sha256": "c03bab87951e8865db5f9cde1059e34b321e52027b1b67caaa53dcc04bac1220",
            "content_sha512": "72c453ca56274d441e4157fc76c0d9ad5ecb2a7a21c1abb05647594bb4de02bca772e7b37f76e749c28787f4870eaae24e0f139c0a5919ba715cbbdab7eb495e",
            "directory_permission": "0777",
            "file_permission": "0777",
            "filename": "./kubernetes/hosts.ini",
            "id": "2d0dad61ac1b41267f25ee007a623ee7bb2010bb",
            "sensitive_content": null,
            "source": null
          },
          "sensitive_attributes": [
            [
              {
                "type": "get_attr",
                "value": "sensitive_content"
              }
            ]
          ],
          "identity_schema_version": 0
        }
      ]
    },
    {
      "mode": "managed",
      "type": "null_resource",
      "name": "running_ansible",
      "provider": "provider[\"registry.terraform.io/hashicorp/null\"]",
      "instances": [
        {
          "schema_version": 0,
          "attributes": {
            "id": "1635134771619965077",
            "triggers": {
              "always_run": "2025-08-12T15:06:39Z"
            }
          },
          "sensitive_attributes": [],
          "identity_schema_version": 0,
          "dependencies": [
            "data.template_file.net_cfg",
            "data.template_file.net_controlplane_cfg",
            "data.template_file.net_nfs-server_cfg",
            "data.template_file.user_data_controlplane",
            "data.template_file.user_data_nfs-server",
            "data.template_file.user_data_nodes",
            "libvirt_cloudinit_disk.commoninit",
            "libvirt_cloudinit_disk.init",
            "libvirt_cloudinit_disk.nfscommoninit",
            "libvirt_domain.domain-controlplane",
            "libvirt_domain.domain-nfs-server",
            "libvirt_domain.node",
            "libvirt_pool.controlplane",
            "libvirt_pool.nfs-server",
            "libvirt_pool.vm_pool",
            "libvirt_volume.base_img",
            "libvirt_volume.controlplane_base",
            "libvirt_volume.controlplane_rootfs",
            "libvirt_volume.nfs-server_base",
            "libvirt_volume.nfs-server_data",
            "libvirt_volume.nfs-server_rootfs",
            "libvirt_volume.rootfs",
            "local_file.ansible_inventory",
            "null_resource.wait_for_ssh_controlplane",
            "null_resource.wait_for_ssh_nfs-server",
            "null_resource.wait_for_ssh_nodes"
          ]
        }
      ]
    },
    {
      "mode": "managed",
      "type": "null_resource",
      "name": "wait_for_ssh_controlplane",
      "provider": "provider[\"registry.terraform.io/hashicorp/null\"]",
      "instances": [
        {
          "schema_version": 0,
          "attributes": {
            "id": "8711068158850966661",
            "triggers": null
          },
          "sensitive_attributes": [],
          "identity_schema_version": 0,
          "dependencies": [
            "data.template_file.net_controlplane_cfg",
            "data.template_file.net_nfs-server_cfg",
            "data.template_file.user_data_controlplane",
            "data.template_file.user_data_nfs-server",
            "libvirt_cloudinit_disk.commoninit",
            "libvirt_cloudinit_disk.nfscommoninit",
            "libvirt_domain.domain-controlplane",
            "libvirt_domain.domain-nfs-server",
            "libvirt_pool.controlplane",
            "libvirt_pool.nfs-server",
            "libvirt_volume.controlplane_base",
            "libvirt_volume.controlplane_rootfs",
            "libvirt_volume.nfs-server_base",
            "libvirt_volume.nfs-server_data",
            "libvirt_volume.nfs-server_rootfs"
          ]
        }
      ]
    },
    {
      "mode": "managed",
      "type": "null_resource",
      "name": "wait_for_ssh_nfs-server",
      "provider": "provider[\"registry.terraform.io/hashicorp/null\"]",
      "instances": [
        {
          "schema_version": 0,
          "attributes": {
            "id": "2607344979515962802",
            "triggers": null
          },
          "sensitive_attributes": [],
          "identity_schema_version": 0,
          "dependencies": [
            "data.template_file.net_nfs-server_cfg",
            "data.template_file.user_data_nfs-server",
            "libvirt_cloudinit_disk.nfscommoninit",
            "libvirt_domain.domain-nfs-server",
            "libvirt_pool.nfs-server",
            "libvirt_volume.nfs-server_base",
            "libvirt_volume.nfs-server_data",
            "libvirt_volume.nfs-server_rootfs"
          ]
        }
      ]
    },
    {
      "mode": "managed",
      "type": "null_resource",
      "name": "wait_for_ssh_nodes",
      "provider": "provider[\"registry.terraform.io/hashicorp/null\"]",
      "instances": [
        {
          "index_key": "node01",
          "schema_version": 0,
          "attributes": {
            "id": "348554431862419106",
            "triggers": null
          },
          "sensitive_attributes": [],
          "identity_schema_version": 0,
          "dependencies": [
            "data.template_file.net_cfg",
            "data.template_file.net_controlplane_cfg",
            "data.template_file.net_nfs-server_cfg",
            "data.template_file.user_data_controlplane",
            "data.template_file.user_data_nfs-server",
            "data.template_file.user_data_nodes",
            "libvirt_cloudinit_disk.commoninit",
            "libvirt_cloudinit_disk.init",
            "libvirt_cloudinit_disk.nfscommoninit",
            "libvirt_domain.domain-controlplane",
            "libvirt_domain.domain-nfs-server",
            "libvirt_domain.node",
            "libvirt_pool.controlplane",
            "libvirt_pool.nfs-server",
            "libvirt_pool.vm_pool",
            "libvirt_volume.base_img",
            "libvirt_volume.controlplane_base",
            "libvirt_volume.controlplane_rootfs",
            "libvirt_volume.nfs-server_base",
            "libvirt_volume.nfs-server_data",
            "libvirt_volume.nfs-server_rootfs",
            "libvirt_volume.rootfs"
          ]
        },
        {
          "index_key": "node02",
          "schema_version": 0,
          "attributes": {
            "id": "5678053027827281908",
            "triggers": null
          },
          "sensitive_attributes": [],
          "identity_schema_version": 0,
          "dependencies": [
            "data.template_file.net_cfg",
            "data.template_file.net_controlplane_cfg",
            "data.template_file.net_nfs-server_cfg",
            "data.template_file.user_data_controlplane",
            "data.template_file.user_data_nfs-server",
            "data.template_file.user_data_nodes",
            "libvirt_cloudinit_disk.commoninit",
            "libvirt_cloudinit_disk.init",
            "libvirt_cloudinit_disk.nfscommoninit",
            "libvirt_domain.domain-controlplane",
            "libvirt_domain.domain-nfs-server",
            "libvirt_domain.node",
            "libvirt_pool.controlplane",
            "libvirt_pool.nfs-server",
            "libvirt_pool.vm_pool",
            "libvirt_volume.base_img",
            "libvirt_volume.controlplane_base",
            "libvirt_volume.controlplane_rootfs",
            "libvirt_volume.nfs-server_base",
            "libvirt_volume.nfs-server_data",
            "libvirt_volume.nfs-server_rootfs",
            "libvirt_volume.rootfs"
          ]
        }
      ]
    }
  ],
  "check_results": null
}
